// !$*UTF8*$!
{
	archiveVersion = 1;
	classes = {
	};
	objectVersion = 46;
	objects = {

/* Begin PBXBuildFile section */
		C2B786451707AF9800A4950F /* UIKit.framework in Frameworks */ = {isa = PBXBuildFile; fileRef = C2B786441707AF9800A4950F /* UIKit.framework */; };
		C2B786471707AF9800A4950F /* Foundation.framework in Frameworks */ = {isa = PBXBuildFile; fileRef = C2B786461707AF9800A4950F /* Foundation.framework */; };
		C2B786491707AF9800A4950F /* CoreGraphics.framework in Frameworks */ = {isa = PBXBuildFile; fileRef = C2B786481707AF9800A4950F /* CoreGraphics.framework */; };
		C2B7864F1707AF9800A4950F /* InfoPlist.strings in Resources */ = {isa = PBXBuildFile; fileRef = C2B7864D1707AF9800A4950F /* InfoPlist.strings */; };
		C2B786511707AF9800A4950F /* main.m in Sources */ = {isa = PBXBuildFile; fileRef = C2B786501707AF9800A4950F /* main.m */; };
		C2B786551707AF9800A4950F /* AppDelegate.m in Sources */ = {isa = PBXBuildFile; fileRef = C2B786541707AF9800A4950F /* AppDelegate.m */; };
		C2B786571707AF9800A4950F /* Default.png in Resources */ = {isa = PBXBuildFile; fileRef = C2B786561707AF9800A4950F /* Default.png */; };
		C2B786591707AF9800A4950F /* Default@2x.png in Resources */ = {isa = PBXBuildFile; fileRef = C2B786581707AF9800A4950F /* Default@2x.png */; };
		C2B7865B1707AF9800A4950F /* Default-568h@2x.png in Resources */ = {isa = PBXBuildFile; fileRef = C2B7865A1707AF9800A4950F /* Default-568h@2x.png */; };
		C2B7865E1707AF9800A4950F /* MainStoryboard.storyboard in Resources */ = {isa = PBXBuildFile; fileRef = C2B7865C1707AF9800A4950F /* MainStoryboard.storyboard */; };
		C2B786611707AF9800A4950F /* ViewController.m in Sources */ = {isa = PBXBuildFile; fileRef = C2B786601707AF9800A4950F /* ViewController.m */; };
		C2B786681707AFD900A4950F /* Pandora_640_1136.jpg in Resources */ = {isa = PBXBuildFile; fileRef = C2B786671707AFD900A4950F /* Pandora_640_1136.jpg */; };
/* End PBXBuildFile section */

/* Begin PBXFileReference section */
		C2B786411707AF9800A4950F /* AnimationsFadeInOut.app */ = {isa = PBXFileReference; explicitFileType = wrapper.application; includeInIndex = 0; path = AnimationsFadeInOut.app; sourceTree = BUILT_PRODUCTS_DIR; };
		C2B786441707AF9800A4950F /* UIKit.framework */ = {isa = PBXFileReference; lastKnownFileType = wrapper.framework; name = UIKit.framework; path = System/Library/Frameworks/UIKit.framework; sourceTree = SDKROOT; };
		C2B786461707AF9800A4950F /* Foundation.framework */ = {isa = PBXFileReference; lastKnownFileType = wrapper.framework; name = Foundation.framework; path = System/Library/Frameworks/Foundation.framework; sourceTree = SDKROOT; };
		C2B786481707AF9800A4950F /* CoreGraphics.framework */ = {isa = PBXFileReference; lastKnownFileType = wrapper.framework; name = CoreGraphics.framework; path = System/Library/Frameworks/CoreGraphics.framework; sourceTree = SDKROOT; };
		C2B7864C1707AF9800A4950F /* AnimationsFadeInOut-Info.plist */ = {isa = PBXFileReference; lastKnownFileType = text.plist.xml; path = "AnimationsFadeInOut-Info.plist"; sourceTree = "<group>"; };
		C2B7864E1707AF9800A4950F /* en */ = {isa = PBXFileReference; lastKnownFileType = text.plist.strings; name = en; path = en.lproj/InfoPlist.strings; sourceTree = "<group>"; };
		C2B786501707AF9800A4950F /* main.m */ = {isa = PBXFileReference; lastKnownFileType = sourcecode.c.objc; path = main.m; sourceTree = "<group>"; };
		C2B786521707AF9800A4950F /* AnimationsFadeInOut-Prefix.pch */ = {isa = PBXFileReference; lastKnownFileType = sourcecode.c.h; path = "AnimationsFadeInOut-Prefix.pch"; sourceTree = "<group>"; };
		C2B786531707AF9800A4950F /* AppDelegate.h */ = {isa = PBXFileReference; lastKnownFileType = sourcecode.c.h; path = AppDelegate.h; sourceTree = "<group>"; };
		C2B786541707AF9800A4950F /* AppDelegate.m */ = {isa = PBXFileReference; lastKnownFileType = sourcecode.c.objc; path = AppDelegate.m; sourceTree = "<group>"; };
		C2B786561707AF9800A4950F /* Default.png */ = {isa = PBXFileReference; lastKnownFileType = image.png; path = Default.png; sourceTree = "<group>"; };
		C2B786581707AF9800A4950F /* Default@2x.png */ = {isa = PBXFileReference; lastKnownFileType = image.png; path = "Default@2x.png"; sourceTree = "<group>"; };
		C2B7865A1707AF9800A4950F /* Default-568h@2x.png */ = {isa = PBXFileReference; lastKnownFileType = image.png; path = "Default-568h@2x.png"; sourceTree = "<group>"; };
		C2B7865D1707AF9800A4950F /* en */ = {isa = PBXFileReference; lastKnownFileType = file.storyboard; name = en; path = en.lproj/MainStoryboard.storyboard; sourceTree = "<group>"; };
		C2B7865F1707AF9800A4950F /* ViewController.h */ = {isa = PBXFileReference; lastKnownFileType = sourcecode.c.h; path = ViewController.h; sourceTree = "<group>"; };
		C2B786601707AF9800A4950F /* ViewController.m */ = {isa = PBXFileReference; lastKnownFileType = sourcecode.c.objc; path = ViewController.m; sourceTree = "<group>"; };
		C2B786671707AFD900A4950F /* Pandora_640_1136.jpg */ = {isa = PBXFileReference; lastKnownFileType = image.jpeg; path = Pandora_640_1136.jpg; sourceTree = "<group>"; };
/* End PBXFileReference section */

/* Begin PBXFrameworksBuildPhase section */
		C2B7863E1707AF9800A4950F /* Frameworks */ = {
			isa = PBXFrameworksBuildPhase;
			buildActionMask = 2147483647;
			files = (
				C2B786451707AF9800A4950F /* UIKit.framework in Frameworks */,
				C2B786471707AF9800A4950F /* Foundation.framework in Frameworks */,
				C2B786491707AF9800A4950F /* CoreGraphics.framework in Frameworks */,
			);
			runOnlyForDeploymentPostprocessing = 0;
		};
/* End PBXFrameworksBuildPhase section */

/* Begin PBXGroup section */
		C2B786381707AF9800A4950F = {
			isa = PBXGroup;
			children = (
				C2B7864A1707AF9800A4950F /* AnimationsFadeInOut */,
				C2B786431707AF9800A4950F /* Frameworks */,
				C2B786421707AF9800A4950F /* Products */,
			);
			sourceTree = "<group>";
		};
		C2B786421707AF9800A4950F /* Products */ = {
			isa = PBXGroup;
			children = (
				C2B786411707AF9800A4950F /* AnimationsFadeInOut.app */,
			);
			name = Products;
			sourceTree = "<group>";
		};
		C2B786431707AF9800A4950F /* Frameworks */ = {
			isa = PBXGroup;
			children = (
				C2B786441707AF9800A4950F /* UIKit.framework */,
				C2B786461707AF9800A4950F /* Foundation.framework */,
				C2B786481707AF9800A4950F /* CoreGraphics.framework */,
			);
			name = Frameworks;
			sourceTree = "<group>";
		};
		C2B7864A1707AF9800A4950F /* AnimationsFadeInOut */ = {
			isa = PBXGroup;
			children = (
				C2B786531707AF9800A4950F /* AppDelegate.h */,
				C2B786541707AF9800A4950F /* AppDelegate.m */,
				C2B7865C1707AF9800A4950F /* MainStoryboard.storyboard */,
				C2B7865F1707AF9800A4950F /* ViewController.h */,
				C2B786601707AF9800A4950F /* ViewController.m */,
				C2B7864B1707AF9800A4950F /* Supporting Files */,
			);
			path = AnimationsFadeInOut;
			sourceTree = "<group>";
		};
		C2B7864B1707AF9800A4950F /* Supporting Files */ = {
			isa = PBXGroup;
			children = (
				C2B786671707AFD900A4950F /* Pandora_640_1136.jpg */,
				C2B7864C1707AF9800A4950F /* AnimationsFadeInOut-Info.plist */,
				C2B7864D1707AF9800A4950F /* InfoPlist.strings */,
				C2B786501707AF9800A4950F /* main.m */,
				C2B786521707AF9800A4950F /* AnimationsFadeInOut-Prefix.pch */,
				C2B786561707AF9800A4950F /* Default.png */,
				C2B786581707AF9800A4950F /* Default@2x.png */,
				C2B7865A1707AF9800A4950F /* Default-568h@2x.png */,
			);
			name = "Supporting Files";
			sourceTree = "<group>";
		};
/* End PBXGroup section */

/* Begin PBXNativeTarget section */
		C2B786401707AF9800A4950F /* AnimationsFadeInOut */ = {
			isa = PBXNativeTarget;
			buildConfigurationList = C2B786641707AF9800A4950F /* Build configuration list for PBXNativeTarget "AnimationsFadeInOut" */;
			buildPhases = (
				C2B7863D1707AF9800A4950F /* Sources */,
				C2B7863E1707AF9800A4950F /* Frameworks */,
				C2B7863F1707AF9800A4950F /* Resources */,
			);
			buildRules = (
			);
			dependencies = (
			);
			name = AnimationsFadeInOut;
			productName = AnimationsFadeInOut;
			productReference = C2B786411707AF9800A4950F /* AnimationsFadeInOut.app */;
			productType = "com.apple.product-type.application";
		};
/* End PBXNativeTarget section */

/* Begin PBXProject section */
		C2B786391707AF9800A4950F /* Project object */ = {
			isa = PBXProject;
			attributes = {
				LastUpgradeCheck = 0460;
				ORGANIZATIONNAME = Dolice;
			};
			buildConfigurationList = C2B7863C1707AF9800A4950F /* Build configuration list for PBXProject "AnimationsFadeInOut" */;
			compatibilityVersion = "Xcode 3.2";
			developmentRegion = English;
			hasScannedForEncodings = 0;
			knownRegions = (
				en,
			);
			mainGroup = C2B786381707AF9800A4950F;
			productRefGroup = C2B786421707AF9800A4950F /* Products */;
			projectDirPath = "";
			projectRoot = "";
			targets = (
				C2B786401707AF9800A4950F /* AnimationsFadeInOut */,
			);
		};
/* End PBXProject section */

/* Begin PBXResourcesBuildPhase section */
		C2B7863F1707AF9800A4950F /* Resources */ = {
			isa = PBXResourcesBuildPhase;
			buildActionMask = 2147483647;
			files = (
				C2B7864F1707AF9800A4950F /* InfoPlist.strings in Resources */,
				C2B786571707AF9800A4950F /* Default.png in Resources */,
				C2B786591707AF9800A4950F /* Default@2x.png in Resources */,
				C2B7865B1707AF9800A4950F /* Default-568h@2x.png in Resources */,
				C2B7865E1707AF9800A4950F /* MainStoryboard.storyboard in Resources */,
				C2B786681707AFD900A4950F /* Pandora_640_1136.jpg in Resources */,
			);
			runOnlyForDeploymentPostprocessing = 0;
		};
/* End PBXResourcesBuildPhase section */

/* Begin PBXSourcesBuildPhase section */
		C2B7863D1707AF9800A4950F /* Sources */ = {
			isa = PBXSourcesBuildPhase;
			buildActionMask = 2147483647;
			files = (
				C2B786511707AF9800A4950F /* main.m in Sources */,
				C2B786551707AF9800A4950F /* AppDelegate.m in Sources */,
				C2B786611707AF9800A4950F /* ViewController.m in Sources */,
			);
			runOnlyForDeploymentPostprocessing = 0;
		};
/* End PBXSourcesBuildPhase section */

/* Begin PBXVariantGroup section */
		C2B7864D1707AF9800A4950F /* InfoPlist.strings */ = {
			isa = PBXVariantGroup;
			children = (
				C2B7864E1707AF9800A4950F /* en */,
			);
			name = InfoPlist.strings;
			sourceTree = "<group>";
		};
		C2B7865C1707AF9800A4950F /* MainStoryboard.storyboard */ = {
			isa = PBXVariantGroup;
			children = (
				C2B7865D1707AF9800A4950F /* en */,
			);
			name = MainStoryboard.storyboard;
			sourceTree = "<group>";
		};
/* End PBXVariantGroup section */

/* Begin XCBuildConfiguration section */
		C2B786621707AF9800A4950F /* Debug */ = {
			isa = XCBuildConfiguration;
			buildSettings = {
				ALWAYS_SEARCH_USER_PATHS = NO;
				CLANG_CXX_LANGUAGE_STANDARD = "gnu++0x";
				CLANG_CXX_LIBRARY = "libc++";
				CLANG_ENABLE_OBJC_ARC = YES;
				CLANG_WARN_CONSTANT_CONVERSION = YES;
				CLANG_WARN_EMPTY_BODY = YES;
				CLANG_WARN_ENUM_CONVERSION = YES;
				CLANG_WARN_INT_CONVERSION = YES;
				CLANG_WARN__DUPLICATE_METHOD_MATCH = YES;
				"CODE_SIGN_IDENTITY[sdk=iphoneos*]" = "iPhone Developer";
				COPY_PHASE_STRIP = NO;
				GCC_C_LANGUAGE_STANDARD = gnu99;
				GCC_DYNAMIC_NO_PIC = NO;
				GCC_OPTIMIZATION_LEVEL = 0;
				GCC_PREPROCESSOR_DEFINITIONS = (
					"DEBUG=1",
					"$(inherited)",
				);
				GCC_SYMBOLS_PRIVATE_EXTERN = NO;
				GCC_WARN_ABOUT_RETURN_TYPE = YES;
				GCC_WARN_UNINITIALIZED_AUTOS = YES;
				GCC_WARN_UNUSED_VARIABLE = YES;
				IPHONEOS_DEPLOYMENT_TARGET = 6.1;
				ONLY_ACTIVE_ARCH = YES;
				SDKROOT = iphoneos;
			};
			name = Debug;
		};
		C2B786631707AF9800A4950F /* Release */ = {
			isa = XCBuildConfiguration;
			buildSettings = {
				ALWAYS_SEARCH_USER_PATHS = NO;
				CLANG_CXX_LANGUAGE_STANDARD = "gnu++0x";
				CLANG_CXX_LIBRARY = "libc++";
				CLANG_ENABLE_OBJC_ARC = YES;
				CLANG_WARN_CONSTANT_CONVERSION = YES;
				CLANG_WARN_EMPTY_BODY = YES;
				CLANG_WARN_ENUM_CONVERSION = YES;
				CLANG_WARN_INT_CONVERSION = YES;
				CLANG_WARN__DUPLICATE_METHOD_MATCH = YES;
				"CODE_SIGN_IDENTITY[sdk=iphoneos*]" = "iPhone Developer";
				COPY_PHASE_STRIP = YES;
				GCC_C_LANGUAGE_STANDARD = gnu99;
				GCC_WARN_ABOUT_RETURN_TYPE = YES;
				GCC_WARN_UNINITIALIZED_AUTOS = YES;
				GCC_WARN_UNUSED_VARIABLE = YES;
				IPHONEOS_DEPLOYMENT_TARGET = 6.1;
				OTHER_CFLAGS = "-DNS_BLOCK_ASSERTIONS=1";
				SDKROOT = iphoneos;
				VALIDATE_PRODUCT = YES;
			};
			name = Release;
		};
		C2B786651707AF9800A4950F /* Debug */ = {
			isa = XCBuildConfiguration;
			buildSettings = {
				GCC_PRECOMPILE_PREFIX_HEADER = YES;
				GCC_PREFIX_HEADER = "AnimationsFadeInOut/AnimationsFadeInOut-Prefix.pch";
				INFOPLIST_FILE = "AnimationsFadeInOut/AnimationsFadeInOut-Info.plist";
				PRODUCT_NAME = "$(TARGET_NAME)";
				WRAPPER_EXTENSION = app;
			};
			name = Debug;
		};
		C2B786661707AF9800A4950F /* Release */ = {
			isa = XCBuildConfiguration;
			buildSettings = {
				GCC_PRECOMPILE_PREFIX_HEADER = YES;
				GCC_PREFIX_HEADER = "AnimationsFadeInOut/AnimationsFadeInOut-Prefix.pch";
				INFOPLIST_FILE = "AnimationsFadeInOut/AnimationsFadeInOut-Info.plist";
				PRODUCT_NAME = "$(TARGET_NAME)";
				WRAPPER_EXTENSION = app;
			};
			name = Release;
		};
/* End XCBuildConfiguration section */

/* Begin XCConfigurationList section */
		C2B7863C1707AF9800A4950F /* Build configuration list for PBXProject "AnimationsFadeInOut" */ = {
			isa = XCConfigurationList;
			buildConfigurations = (
				C2B786621707AF9800A4950F /* Debug */,
				C2B786631707AF9800A4950F /* Release */,
			);
			defaultConfigurationIsVisible = 0;
			defaultConfigurationName = Release;
		};
		C2B786641707AF9800A4950F /* Build configuration list for PBXNativeTarget "AnimationsFadeInOut" */ = {
			isa = XCConfigurationList;
			buildConfigurations = (
				C2B786651707AF9800A4950F /* Debug */,
				C2B786661707AF9800A4950F /* Release */,
			);
			defaultConfigurationIsVisible = 0;
		};
/* End XCConfigurationList section */
	};
	rootObject = C2B786391707AF9800A4950F /* Project object */;
}
